
Microsoft Visual Studio Solution File, Format Version 12.00
# Visual Studio Version 17
VisualStudioVersion = 17.3.32825.248
MinimumVisualStudioVersion = 10.0.40219.1
Project("{FAE04EC0-301F-11D3-BF4B-00C04F79EFBC}") = "EjPOO", "EjPOO\EjPOO.csproj", "{935D42EB-6452-44AB-A0F6-EA35927AF08B}"
EndProject
Global
	GlobalSection(SolutionConfigurationPlatforms) = preSolution
		Debug|Any CPU = Debug|Any CPU
		Release|Any CPU = Release|Any CPU
	EndGlobalSection
	GlobalSection(ProjectConfigurationPlatforms) = postSolution
		{935D42EB-6452-44AB-A0F6-EA35927AF08B}.Debug|Any CPU.ActiveCfg = Debug|Any CPU
		{935D42EB-6452-44AB-A0F6-EA35927AF08B}.Debug|Any CPU.Build.0 = Debug|Any CPU
		{935D42EB-6452-44AB-A0F6-EA35927AF08B}.Release|Any CPU.ActiveCfg = Release|Any CPU
		{935D42EB-6452-44AB-A0F6-EA35927AF08B}.Release|Any CPU.Build.0 = Release|Any CPU
	EndGlobalSection
	GlobalSection(SolutionProperties) = preSolution
		HideSolutionNode = FALSE
	EndGlobalSection
	GlobalSection(ExtensibilityGlobals) = postSolution
		SolutionGuid = {2E7BD49A-5247-46CB-9B00-D89573B27CBC}
	EndGlobalSection
EndGlobal
