
Microsoft Visual Studio Solution File, Format Version 12.00
# Visual Studio Version 17
VisualStudioVersion = 17.3.32825.248
MinimumVisualStudioVersion = 10.0.40219.1
Project("{FAE04EC0-301F-11D3-BF4B-00C04F79EFBC}") = "EjercicioPOO", "EjercicioPOO\EjercicioPOO.csproj", "{77EAEB3B-19BF-4AB6-B7EC-E0B04AA693E0}"
EndProject
Global
	GlobalSection(SolutionConfigurationPlatforms) = preSolution
		Debug|Any CPU = Debug|Any CPU
		Release|Any CPU = Release|Any CPU
	EndGlobalSection
	GlobalSection(ProjectConfigurationPlatforms) = postSolution
		{77EAEB3B-19BF-4AB6-B7EC-E0B04AA693E0}.Debug|Any CPU.ActiveCfg = Debug|Any CPU
		{77EAEB3B-19BF-4AB6-B7EC-E0B04AA693E0}.Debug|Any CPU.Build.0 = Debug|Any CPU
		{77EAEB3B-19BF-4AB6-B7EC-E0B04AA693E0}.Release|Any CPU.ActiveCfg = Release|Any CPU
		{77EAEB3B-19BF-4AB6-B7EC-E0B04AA693E0}.Release|Any CPU.Build.0 = Release|Any CPU
	EndGlobalSection
	GlobalSection(SolutionProperties) = preSolution
		HideSolutionNode = FALSE
	EndGlobalSection
	GlobalSection(ExtensibilityGlobals) = postSolution
		SolutionGuid = {4499C656-7A60-4372-A3D0-8209262A8900}
	EndGlobalSection
EndGlobal
